
Microsoft Visual Studio Solution File, Format Version 12.00
# Visual Studio Version 17
VisualStudioVersion = 17.14.36429.23 d17.14
MinimumVisualStudioVersion = 10.0.40219.1
Project("{8BC9CEB8-8B4A-11D0-8D11-00A0C91BC942}") = "Proj2", "Proj2\Proj2.vcxproj", "{19893819-F3EB-4C12-A5BF-4662F2C1D701}"
EndProject
Global
	GlobalSection(SolutionConfigurationPlatforms) = preSolution
		Debug|x64 = Debug|x64
		Debug|x86 = Debug|x86
		Release|x64 = Release|x64
		Release|x86 = Release|x86
	EndGlobalSection
	GlobalSection(ProjectConfigurationPlatforms) = postSolution
		{19893819-F3EB-4C12-A5BF-4662F2C1D701}.Debug|x64.ActiveCfg = Debug|x64
		{19893819-F3EB-4C12-A5BF-4662F2C1D701}.Debug|x64.Build.0 = Debug|x64
		{19893819-F3EB-4C12-A5BF-4662F2C1D701}.Debug|x86.ActiveCfg = Debug|Win32
		{19893819-F3EB-4C12-A5BF-4662F2C1D701}.Debug|x86.Build.0 = Debug|Win32
		{19893819-F3EB-4C12-A5BF-4662F2C1D701}.Release|x64.ActiveCfg = Release|x64
		{19893819-F3EB-4C12-A5BF-4662F2C1D701}.Release|x64.Build.0 = Release|x64
		{19893819-F3EB-4C12-A5BF-4662F2C1D701}.Release|x86.ActiveCfg = Release|Win32
		{19893819-F3EB-4C12-A5BF-4662F2C1D701}.Release|x86.Build.0 = Release|Win32
	EndGlobalSection
	GlobalSection(SolutionProperties) = preSolution
		HideSolutionNode = FALSE
	EndGlobalSection
	GlobalSection(ExtensibilityGlobals) = postSolution
		SolutionGuid = {E6339B57-22AE-4C89-95D8-94820B261D08}
	EndGlobalSection
EndGlobal
